// !$*UTF8*$!
{
	archiveVersion = 1;
	classes = {
	};
	objectVersion = 56;
	objects = {

/* Begin PBXBuildFile section */
		231EA262474354F453CC1E77 /* Pods_Grocery_List.framework in Frameworks */ = {isa = PBXBuildFile; fileRef = 013FF7746E2AF88057C2D31B /* Pods_Grocery_List.framework */; };
		9947327D296CE28D00CB3AC4 /* AppDelegate.swift in Sources */ = {isa = PBXBuildFile; fileRef = 9947327C296CE28D00CB3AC4 /* AppDelegate.swift */; };
		9947327F296CE28D00CB3AC4 /* SceneDelegate.swift in Sources */ = {isa = PBXBuildFile; fileRef = 9947327E296CE28D00CB3AC4 /* SceneDelegate.swift */; };
		99473284296CE28D00CB3AC4 /* Main.storyboard in Resources */ = {isa = PBXBuildFile; fileRef = 99473282296CE28D00CB3AC4 /* Main.storyboard */; };
		99473286296CE28F00CB3AC4 /* Assets.xcassets in Resources */ = {isa = PBXBuildFile; fileRef = 99473285296CE28F00CB3AC4 /* Assets.xcassets */; };
		99473289296CE28F00CB3AC4 /* LaunchScreen.storyboard in Resources */ = {isa = PBXBuildFile; fileRef = 99473287296CE28F00CB3AC4 /* LaunchScreen.storyboard */; };
		99473291296CE2A500CB3AC4 /* GoogleService-Info.plist in Resources */ = {isa = PBXBuildFile; fileRef = 99473290296CE2A500CB3AC4 /* GoogleService-Info.plist */; };
		99473294296CE3BA00CB3AC4 /* LoginViewController.swift in Sources */ = {isa = PBXBuildFile; fileRef = 99473293296CE3BA00CB3AC4 /* LoginViewController.swift */; };
/* End PBXBuildFile section */

/* Begin PBXFileReference section */
		013FF7746E2AF88057C2D31B /* Pods_Grocery_List.framework */ = {isa = PBXFileReference; explicitFileType = wrapper.framework; includeInIndex = 0; path = Pods_Grocery_List.framework; sourceTree = BUILT_PRODUCTS_DIR; };
		656B500F9F6DB46945C56AC1 /* Pods-Grocery-List.debug.xcconfig */ = {isa = PBXFileReference; includeInIndex = 1; lastKnownFileType = text.xcconfig; name = "Pods-Grocery-List.debug.xcconfig"; path = "Target Support Files/Pods-Grocery-List/Pods-Grocery-List.debug.xcconfig"; sourceTree = "<group>"; };
		877F6D41AA49A60B13FEF01E /* Pods-Grocery-List.release.xcconfig */ = {isa = PBXFileReference; includeInIndex = 1; lastKnownFileType = text.xcconfig; name = "Pods-Grocery-List.release.xcconfig"; path = "Target Support Files/Pods-Grocery-List/Pods-Grocery-List.release.xcconfig"; sourceTree = "<group>"; };
		99473279296CE28D00CB3AC4 /* Grocery-List.app */ = {isa = PBXFileReference; explicitFileType = wrapper.application; includeInIndex = 0; path = "Grocery-List.app"; sourceTree = BUILT_PRODUCTS_DIR; };
		9947327C296CE28D00CB3AC4 /* AppDelegate.swift */ = {isa = PBXFileReference; lastKnownFileType = sourcecode.swift; path = AppDelegate.swift; sourceTree = "<group>"; };
		9947327E296CE28D00CB3AC4 /* SceneDelegate.swift */ = {isa = PBXFileReference; lastKnownFileType = sourcecode.swift; path = SceneDelegate.swift; sourceTree = "<group>"; };
		99473283296CE28D00CB3AC4 /* Base */ = {isa = PBXFileReference; lastKnownFileType = file.storyboard; name = Base; path = Base.lproj/Main.storyboard; sourceTree = "<group>"; };
		99473285296CE28F00CB3AC4 /* Assets.xcassets */ = {isa = PBXFileReference; lastKnownFileType = folder.assetcatalog; path = Assets.xcassets; sourceTree = "<group>"; };
		99473288296CE28F00CB3AC4 /* Base */ = {isa = PBXFileReference; lastKnownFileType = file.storyboard; name = Base; path = Base.lproj/LaunchScreen.storyboard; sourceTree = "<group>"; };
		9947328A296CE28F00CB3AC4 /* Info.plist */ = {isa = PBXFileReference; lastKnownFileType = text.plist.xml; path = Info.plist; sourceTree = "<group>"; };
		99473290296CE2A500CB3AC4 /* GoogleService-Info.plist */ = {isa = PBXFileReference; fileEncoding = 4; lastKnownFileType = text.plist.xml; path = "GoogleService-Info.plist"; sourceTree = "<group>"; };
		99473293296CE3BA00CB3AC4 /* LoginViewController.swift */ = {isa = PBXFileReference; lastKnownFileType = sourcecode.swift; path = LoginViewController.swift; sourceTree = "<group>"; };
/* End PBXFileReference section */

/* Begin PBXFrameworksBuildPhase section */
		99473276296CE28D00CB3AC4 /* Frameworks */ = {
			isa = PBXFrameworksBuildPhase;
			buildActionMask = 2147483647;
			files = (
				231EA262474354F453CC1E77 /* Pods_Grocery_List.framework in Frameworks */,
			);
			runOnlyForDeploymentPostprocessing = 0;
		};
/* End PBXFrameworksBuildPhase section */

/* Begin PBXGroup section */
		99473270296CE28D00CB3AC4 = {
			isa = PBXGroup;
			children = (
				9947327B296CE28D00CB3AC4 /* Grocery-List */,
				9947327A296CE28D00CB3AC4 /* Products */,
				A530BFDE201A0E8FCCC3ED9C /* Pods */,
				F0334DFB3860583A5FB461DB /* Frameworks */,
			);
			sourceTree = "<group>";
		};
		9947327A296CE28D00CB3AC4 /* Products */ = {
			isa = PBXGroup;
			children = (
				99473279296CE28D00CB3AC4 /* Grocery-List.app */,
			);
			name = Products;
			sourceTree = "<group>";
		};
		9947327B296CE28D00CB3AC4 /* Grocery-List */ = {
			isa = PBXGroup;
			children = (
				9947327C296CE28D00CB3AC4 /* AppDelegate.swift */,
				9947327E296CE28D00CB3AC4 /* SceneDelegate.swift */,
				99473292296CE2BA00CB3AC4 /* Controllers */,
				99473282296CE28D00CB3AC4 /* Main.storyboard */,
				99473285296CE28F00CB3AC4 /* Assets.xcassets */,
				99473287296CE28F00CB3AC4 /* LaunchScreen.storyboard */,
				9947328A296CE28F00CB3AC4 /* Info.plist */,
				99473290296CE2A500CB3AC4 /* GoogleService-Info.plist */,
			);
			path = "Grocery-List";
			sourceTree = "<group>";
		};
		99473292296CE2BA00CB3AC4 /* Controllers */ = {
			isa = PBXGroup;
			children = (
				99473293296CE3BA00CB3AC4 /* LoginViewController.swift */,
			);
			path = Controllers;
			sourceTree = "<group>";
		};
		A530BFDE201A0E8FCCC3ED9C /* Pods */ = {
			isa = PBXGroup;
			children = (
				656B500F9F6DB46945C56AC1 /* Pods-Grocery-List.debug.xcconfig */,
				877F6D41AA49A60B13FEF01E /* Pods-Grocery-List.release.xcconfig */,
			);
			name = Pods;
			path = Pods;
			sourceTree = "<group>";
		};
		F0334DFB3860583A5FB461DB /* Frameworks */ = {
			isa = PBXGroup;
			children = (
				013FF7746E2AF88057C2D31B /* Pods_Grocery_List.framework */,
			);
			name = Frameworks;
			sourceTree = "<group>";
		};
/* End PBXGroup section */

/* Begin PBXNativeTarget section */
		99473278296CE28D00CB3AC4 /* Grocery-List */ = {
			isa = PBXNativeTarget;
			buildConfigurationList = 9947328D296CE28F00CB3AC4 /* Build configuration list for PBXNativeTarget "Grocery-List" */;
			buildPhases = (
				6EB7B16C3A7CC8C75BC3F2B7 /* [CP] Check Pods Manifest.lock */,
				99473275296CE28D00CB3AC4 /* Sources */,
				99473276296CE28D00CB3AC4 /* Frameworks */,
				99473277296CE28D00CB3AC4 /* Resources */,
				6B1DB07E414A24258E7626C9 /* [CP] Embed Pods Frameworks */,
			);
			buildRules = (
			);
			dependencies = (
			);
			name = "Grocery-List";
			productName = "Grocery-List";
			productReference = 99473279296CE28D00CB3AC4 /* Grocery-List.app */;
			productType = "com.apple.product-type.application";
		};
/* End PBXNativeTarget section */

/* Begin PBXProject section */
		99473271296CE28D00CB3AC4 /* Project object */ = {
			isa = PBXProject;
			attributes = {
				BuildIndependentTargetsInParallel = 1;
				LastSwiftUpdateCheck = 1410;
				LastUpgradeCheck = 1410;
				TargetAttributes = {
					99473278296CE28D00CB3AC4 = {
						CreatedOnToolsVersion = 14.1;
					};
				};
			};
			buildConfigurationList = 99473274296CE28D00CB3AC4 /* Build configuration list for PBXProject "Grocery-List" */;
			compatibilityVersion = "Xcode 14.0";
			developmentRegion = en;
			hasScannedForEncodings = 0;
			knownRegions = (
				en,
				Base,
			);
			mainGroup = 99473270296CE28D00CB3AC4;
			productRefGroup = 9947327A296CE28D00CB3AC4 /* Products */;
			projectDirPath = "";
			projectRoot = "";
			targets = (
				99473278296CE28D00CB3AC4 /* Grocery-List */,
			);
		};
/* End PBXProject section */

/* Begin PBXResourcesBuildPhase section */
		99473277296CE28D00CB3AC4 /* Resources */ = {
			isa = PBXResourcesBuildPhase;
			buildActionMask = 2147483647;
			files = (
				99473289296CE28F00CB3AC4 /* LaunchScreen.storyboard in Resources */,
				99473291296CE2A500CB3AC4 /* GoogleService-Info.plist in Resources */,
				99473286296CE28F00CB3AC4 /* Assets.xcassets in Resources */,
				99473284296CE28D00CB3AC4 /* Main.storyboard in Resources */,
			);
			runOnlyForDeploymentPostprocessing = 0;
		};
/* End PBXResourcesBuildPhase section */

/* Begin PBXShellScriptBuildPhase section */
		6B1DB07E414A24258E7626C9 /* [CP] Embed Pods Frameworks */ = {
			isa = PBXShellScriptBuildPhase;
			buildActionMask = 2147483647;
			files = (
			);
			inputFileListPaths = (
				"${PODS_ROOT}/Target Support Files/Pods-Grocery-List/Pods-Grocery-List-frameworks-${CONFIGURATION}-input-files.xcfilelist",
			);
			name = "[CP] Embed Pods Frameworks";
			outputFileListPaths = (
				"${PODS_ROOT}/Target Support Files/Pods-Grocery-List/Pods-Grocery-List-frameworks-${CONFIGURATION}-output-files.xcfilelist",
			);
			runOnlyForDeploymentPostprocessing = 0;
			shellPath = /bin/sh;
			shellScript = "\"${PODS_ROOT}/Target Support Files/Pods-Grocery-List/Pods-Grocery-List-frameworks.sh\"\n";
			showEnvVarsInLog = 0;
		};
		6EB7B16C3A7CC8C75BC3F2B7 /* [CP] Check Pods Manifest.lock */ = {
			isa = PBXShellScriptBuildPhase;
			buildActionMask = 2147483647;
			files = (
			);
			inputFileListPaths = (
			);
			inputPaths = (
				"${PODS_PODFILE_DIR_PATH}/Podfile.lock",
				"${PODS_ROOT}/Manifest.lock",
			);
			name = "[CP] Check Pods Manifest.lock";
			outputFileListPaths = (
			);
			outputPaths = (
				"$(DERIVED_FILE_DIR)/Pods-Grocery-List-checkManifestLockResult.txt",
			);
			runOnlyForDeploymentPostprocessing = 0;
			shellPath = /bin/sh;
			shellScript = "diff \"${PODS_PODFILE_DIR_PATH}/Podfile.lock\" \"${PODS_ROOT}/Manifest.lock\" > /dev/null\nif [ $? != 0 ] ; then\n    # print error to STDERR\n    echo \"error: The sandbox is not in sync with the Podfile.lock. Run 'pod install' or update your CocoaPods installation.\" >&2\n    exit 1\nfi\n# This output is used by Xcode 'outputs' to avoid re-running this script phase.\necho \"SUCCESS\" > \"${SCRIPT_OUTPUT_FILE_0}\"\n";
			showEnvVarsInLog = 0;
		};
/* End PBXShellScriptBuildPhase section */

/* Begin PBXSourcesBuildPhase section */
		99473275296CE28D00CB3AC4 /* Sources */ = {
			isa = PBXSourcesBuildPhase;
			buildActionMask = 2147483647;
			files = (
				99473294296CE3BA00CB3AC4 /* LoginViewController.swift in Sources */,
				9947327D296CE28D00CB3AC4 /* AppDelegate.swift in Sources */,
				9947327F296CE28D00CB3AC4 /* SceneDelegate.swift in Sources */,
			);
			runOnlyForDeploymentPostprocessing = 0;
		};
/* End PBXSourcesBuildPhase section */

/* Begin PBXVariantGroup section */
		99473282296CE28D00CB3AC4 /* Main.storyboard */ = {
			isa = PBXVariantGroup;
			children = (
				99473283296CE28D00CB3AC4 /* Base */,
			);
			name = Main.storyboard;
			sourceTree = "<group>";
		};
		99473287296CE28F00CB3AC4 /* LaunchScreen.storyboard */ = {
			isa = PBXVariantGroup;
			children = (
				99473288296CE28F00CB3AC4 /* Base */,
			);
			name = LaunchScreen.storyboard;
			sourceTree = "<group>";
		};
/* End PBXVariantGroup section */

/* Begin XCBuildConfiguration section */
		9947328B296CE28F00CB3AC4 /* Debug */ = {
			isa = XCBuildConfiguration;
			buildSettings = {
				ALWAYS_SEARCH_USER_PATHS = NO;
				CLANG_ANALYZER_NONNULL = YES;
				CLANG_ANALYZER_NUMBER_OBJECT_CONVERSION = YES_AGGRESSIVE;
				CLANG_CXX_LANGUAGE_STANDARD = "gnu++20";
				CLANG_ENABLE_MODULES = YES;
				CLANG_ENABLE_OBJC_ARC = YES;
				CLANG_ENABLE_OBJC_WEAK = YES;
				CLANG_WARN_BLOCK_CAPTURE_AUTORELEASING = YES;
				CLANG_WARN_BOOL_CONVERSION = YES;
				CLANG_WARN_COMMA = YES;
				CLANG_WARN_CONSTANT_CONVERSION = YES;
				CLANG_WARN_DEPRECATED_OBJC_IMPLEMENTATIONS = YES;
				CLANG_WARN_DIRECT_OBJC_ISA_USAGE = YES_ERROR;
				CLANG_WARN_DOCUMENTATION_COMMENTS = YES;
				CLANG_WARN_EMPTY_BODY = YES;
				CLANG_WARN_ENUM_CONVERSION = YES;
				CLANG_WARN_INFINITE_RECURSION = YES;
				CLANG_WARN_INT_CONVERSION = YES;
				CLANG_WARN_NON_LITERAL_NULL_CONVERSION = YES;
				CLANG_WARN_OBJC_IMPLICIT_RETAIN_SELF = YES;
				CLANG_WARN_OBJC_LITERAL_CONVERSION = YES;
				CLANG_WARN_OBJC_ROOT_CLASS = YES_ERROR;
				CLANG_WARN_QUOTED_INCLUDE_IN_FRAMEWORK_HEADER = YES;
				CLANG_WARN_RANGE_LOOP_ANALYSIS = YES;
				CLANG_WARN_STRICT_PROTOTYPES = YES;
				CLANG_WARN_SUSPICIOUS_MOVE = YES;
				CLANG_WARN_UNGUARDED_AVAILABILITY = YES_AGGRESSIVE;
				CLANG_WARN_UNREACHABLE_CODE = YES;
				CLANG_WARN__DUPLICATE_METHOD_MATCH = YES;
				COPY_PHASE_STRIP = NO;
				DEBUG_INFORMATION_FORMAT = dwarf;
				ENABLE_STRICT_OBJC_MSGSEND = YES;
				ENABLE_TESTABILITY = YES;
				GCC_C_LANGUAGE_STANDARD = gnu11;
				GCC_DYNAMIC_NO_PIC = NO;
				GCC_NO_COMMON_BLOCKS = YES;
				GCC_OPTIMIZATION_LEVEL = 0;
				GCC_PREPROCESSOR_DEFINITIONS = (
					"DEBUG=1",
					"$(inherited)",
				);
				GCC_WARN_64_TO_32_BIT_CONVERSION = YES;
				GCC_WARN_ABOUT_RETURN_TYPE = YES_ERROR;
				GCC_WARN_UNDECLARED_SELECTOR = YES;
				GCC_WARN_UNINITIALIZED_AUTOS = YES_AGGRESSIVE;
				GCC_WARN_UNUSED_FUNCTION = YES;
				GCC_WARN_UNUSED_VARIABLE = YES;
				IPHONEOS_DEPLOYMENT_TARGET = 16.1;
				MTL_ENABLE_DEBUG_INFO = INCLUDE_SOURCE;
				MTL_FAST_MATH = YES;
				ONLY_ACTIVE_ARCH = YES;
				SDKROOT = iphoneos;
				SWIFT_ACTIVE_COMPILATION_CONDITIONS = DEBUG;
				SWIFT_OPTIMIZATION_LEVEL = "-Onone";
			};
			name = Debug;
		};
		9947328C296CE28F00CB3AC4 /* Release */ = {
			isa = XCBuildConfiguration;
			buildSettings = {
				ALWAYS_SEARCH_USER_PATHS = NO;
				CLANG_ANALYZER_NONNULL = YES;
				CLANG_ANALYZER_NUMBER_OBJECT_CONVERSION = YES_AGGRESSIVE;
				CLANG_CXX_LANGUAGE_STANDARD = "gnu++20";
				CLANG_ENABLE_MODULES = YES;
				CLANG_ENABLE_OBJC_ARC = YES;
				CLANG_ENABLE_OBJC_WEAK = YES;
				CLANG_WARN_BLOCK_CAPTURE_AUTORELEASING = YES;
				CLANG_WARN_BOOL_CONVERSION = YES;
				CLANG_WARN_COMMA = YES;
				CLANG_WARN_CONSTANT_CONVERSION = YES;
				CLANG_WARN_DEPRECATED_OBJC_IMPLEMENTATIONS = YES;
				CLANG_WARN_DIRECT_OBJC_ISA_USAGE = YES_ERROR;
				CLANG_WARN_DOCUMENTATION_COMMENTS = YES;
				CLANG_WARN_EMPTY_BODY = YES;
				CLANG_WARN_ENUM_CONVERSION = YES;
				CLANG_WARN_INFINITE_RECURSION = YES;
				CLANG_WARN_INT_CONVERSION = YES;
				CLANG_WARN_NON_LITERAL_NULL_CONVERSION = YES;
				CLANG_WARN_OBJC_IMPLICIT_RETAIN_SELF = YES;
				CLANG_WARN_OBJC_LITERAL_CONVERSION = YES;
				CLANG_WARN_OBJC_ROOT_CLASS = YES_ERROR;
				CLANG_WARN_QUOTED_INCLUDE_IN_FRAMEWORK_HEADER = YES;
				CLANG_WARN_RANGE_LOOP_ANALYSIS = YES;
				CLANG_WARN_STRICT_PROTOTYPES = YES;
				CLANG_WARN_SUSPICIOUS_MOVE = YES;
				CLANG_WARN_UNGUARDED_AVAILABILITY = YES_AGGRESSIVE;
				CLANG_WARN_UNREACHABLE_CODE = YES;
				CLANG_WARN__DUPLICATE_METHOD_MATCH = YES;
				COPY_PHASE_STRIP = NO;
				DEBUG_INFORMATION_FORMAT = "dwarf-with-dsym";
				ENABLE_NS_ASSERTIONS = NO;
				ENABLE_STRICT_OBJC_MSGSEND = YES;
				GCC_C_LANGUAGE_STANDARD = gnu11;
				GCC_NO_COMMON_BLOCKS = YES;
				GCC_WARN_64_TO_32_BIT_CONVERSION = YES;
				GCC_WARN_ABOUT_RETURN_TYPE = YES_ERROR;
				GCC_WARN_UNDECLARED_SELECTOR = YES;
				GCC_WARN_UNINITIALIZED_AUTOS = YES_AGGRESSIVE;
				GCC_WARN_UNUSED_FUNCTION = YES;
				GCC_WARN_UNUSED_VARIABLE = YES;
				IPHONEOS_DEPLOYMENT_TARGET = 16.1;
				MTL_ENABLE_DEBUG_INFO = NO;
				MTL_FAST_MATH = YES;
				SDKROOT = iphoneos;
				SWIFT_COMPILATION_MODE = wholemodule;
				SWIFT_OPTIMIZATION_LEVEL = "-O";
				VALIDATE_PRODUCT = YES;
			};
			name = Release;
		};
		9947328E296CE28F00CB3AC4 /* Debug */ = {
			isa = XCBuildConfiguration;
			baseConfigurationReference = 656B500F9F6DB46945C56AC1 /* Pods-Grocery-List.debug.xcconfig */;
			buildSettings = {
				ASSETCATALOG_COMPILER_APPICON_NAME = AppIcon;
				ASSETCATALOG_COMPILER_GLOBAL_ACCENT_COLOR_NAME = AccentColor;
				CODE_SIGN_STYLE = Automatic;
				CURRENT_PROJECT_VERSION = 1;
				GENERATE_INFOPLIST_FILE = YES;
				INFOPLIST_FILE = "Grocery-List/Info.plist";
				INFOPLIST_KEY_UIApplicationSupportsIndirectInputEvents = YES;
				INFOPLIST_KEY_UILaunchStoryboardName = LaunchScreen;
				INFOPLIST_KEY_UIMainStoryboardFile = Main;
				INFOPLIST_KEY_UISupportedInterfaceOrientations_iPad = "UIInterfaceOrientationPortrait UIInterfaceOrientationPortraitUpsideDown UIInterfaceOrientationLandscapeLeft UIInterfaceOrientationLandscapeRight";
				INFOPLIST_KEY_UISupportedInterfaceOrientations_iPhone = "UIInterfaceOrientationPortrait UIInterfaceOrientationLandscapeLeft UIInterfaceOrientationLandscapeRight";
				LD_RUNPATH_SEARCH_PATHS = (
					"$(inherited)",
					"@executable_path/Frameworks",
				);
				MARKETING_VERSION = 1.0;
				PRODUCT_BUNDLE_IDENTIFIER = "com.rawan.Grocery-List";
				PRODUCT_NAME = "$(TARGET_NAME)";
				SWIFT_EMIT_LOC_STRINGS = YES;
				SWIFT_VERSION = 5.0;
				TARGETED_DEVICE_FAMILY = "1,2";
			};
			name = Debug;
		};
		9947328F296CE28F00CB3AC4 /* Release */ = {
			isa = XCBuildConfiguration;
			baseConfigurationReference = 877F6D41AA49A60B13FEF01E /* Pods-Grocery-List.release.xcconfig */;
			buildSettings = {
				ASSETCATALOG_COMPILER_APPICON_NAME = AppIcon;
				ASSETCATALOG_COMPILER_GLOBAL_ACCENT_COLOR_NAME = AccentColor;
				CODE_SIGN_STYLE = Automatic;
				CURRENT_PROJECT_VERSION = 1;
				GENERATE_INFOPLIST_FILE = YES;
				INFOPLIST_FILE = "Grocery-List/Info.plist";
				INFOPLIST_KEY_UIApplicationSupportsIndirectInputEvents = YES;
				INFOPLIST_KEY_UILaunchStoryboardName = LaunchScreen;
				INFOPLIST_KEY_UIMainStoryboardFile = Main;
				INFOPLIST_KEY_UISupportedInterfaceOrientations_iPad = "UIInterfaceOrientationPortrait UIInterfaceOrientationPortraitUpsideDown UIInterfaceOrientationLandscapeLeft UIInterfaceOrientationLandscapeRight";
				INFOPLIST_KEY_UISupportedInterfaceOrientations_iPhone = "UIInterfaceOrientationPortrait UIInterfaceOrientationLandscapeLeft UIInterfaceOrientationLandscapeRight";
				LD_RUNPATH_SEARCH_PATHS = (
					"$(inherited)",
					"@executable_path/Frameworks",
				);
				MARKETING_VERSION = 1.0;
				PRODUCT_BUNDLE_IDENTIFIER = "com.rawan.Grocery-List";
				PRODUCT_NAME = "$(TARGET_NAME)";
				SWIFT_EMIT_LOC_STRINGS = YES;
				SWIFT_VERSION = 5.0;
				TARGETED_DEVICE_FAMILY = "1,2";
			};
			name = Release;
		};
/* End XCBuildConfiguration section */

/* Begin XCConfigurationList section */
		99473274296CE28D00CB3AC4 /* Build configuration list for PBXProject "Grocery-List" */ = {
			isa = XCConfigurationList;
			buildConfigurations = (
				9947328B296CE28F00CB3AC4 /* Debug */,
				9947328C296CE28F00CB3AC4 /* Release */,
			);
			defaultConfigurationIsVisible = 0;
			defaultConfigurationName = Release;
		};
		9947328D296CE28F00CB3AC4 /* Build configuration list for PBXNativeTarget "Grocery-List" */ = {
			isa = XCConfigurationList;
			buildConfigurations = (
				9947328E296CE28F00CB3AC4 /* Debug */,
				9947328F296CE28F00CB3AC4 /* Release */,
			);
			defaultConfigurationIsVisible = 0;
			defaultConfigurationName = Release;
		};
/* End XCConfigurationList section */
	};
	rootObject = 99473271296CE28D00CB3AC4 /* Project object */;
}
